PODS:
  - AlonSourcesSDK (1.0.0)
  - WeakLinkingPOCSDK (1.0.0):
    - AlonSourcesSDK

DEPENDENCIES:
  - WeakLinkingPOCSDK (from `../weakLinkingPOC`)

SPEC REPOS:
  trunk:
    - AlonSourcesSDK

EXTERNAL SOURCES:
  WeakLinkingPOCSDK:
    :path: "../weakLinkingPOC"

SPEC CHECKSUMS:
  AlonSourcesSDK: fdfe6e3e5b344b77d3c456880ff1f25ceeaeaaa6
  WeakLinkingPOCSDK: ab81087d8ea53d8f23c82cf0ce0a753f5eafe4b1

PODFILE CHECKSUM: bbd5f117e08638ad5c0af03f89503628e1964bd6

COCOAPODS: 1.14.3
