// !$*UTF8*$!
{
	archiveVersion = 1;
	classes = {
	};
	objectVersion = 56;
	objects = {

/* Begin PBXBuildFile section */
		1680BE3B2CD24EDC002FAB71 /* AppDelegate.swift in Sources */ = {isa = PBXBuildFile; fileRef = 1680BE3A2CD24EDC002FAB71 /* AppDelegate.swift */; };
		1680BE3D2CD24EDC002FAB71 /* SceneDelegate.swift in Sources */ = {isa = PBXBuildFile; fileRef = 1680BE3C2CD24EDC002FAB71 /* SceneDelegate.swift */; };
		1680BE3F2CD24EDC002FAB71 /* ViewController.swift in Sources */ = {isa = PBXBuildFile; fileRef = 1680BE3E2CD24EDC002FAB71 /* ViewController.swift */; };
		1680BE422CD24EDC002FAB71 /* Base in Resources */ = {isa = PBXBuildFile; fileRef = 1680BE412CD24EDC002FAB71 /* Base */; };
		1680BE442CD24EDD002FAB71 /* Assets.xcassets in Resources */ = {isa = PBXBuildFile; fileRef = 1680BE432CD24EDD002FAB71 /* Assets.xcassets */; };
		1680BE472CD24EDD002FAB71 /* Base in Resources */ = {isa = PBXBuildFile; fileRef = 1680BE462CD24EDD002FAB71 /* Base */; };
		1680BE6A2CD25E87002FAB71 /* AlonSDK in Frameworks */ = {isa = PBXBuildFile; productRef = 1680BE692CD25E87002FAB71 /* AlonSDK */; };
		1680BE6C2CD25E87002FAB71 /* AlonSourcesSDK in Frameworks */ = {isa = PBXBuildFile; productRef = 1680BE6B2CD25E87002FAB71 /* AlonSourcesSDK */; };
/* End PBXBuildFile section */

/* Begin PBXFileReference section */
		1680BE372CD24EDC002FAB71 /* TestWeakSPM.app */ = {isa = PBXFileReference; explicitFileType = wrapper.application; includeInIndex = 0; path = TestWeakSPM.app; sourceTree = BUILT_PRODUCTS_DIR; };
		1680BE3A2CD24EDC002FAB71 /* AppDelegate.swift */ = {isa = PBXFileReference; lastKnownFileType = sourcecode.swift; path = AppDelegate.swift; sourceTree = "<group>"; };
		1680BE3C2CD24EDC002FAB71 /* SceneDelegate.swift */ = {isa = PBXFileReference; lastKnownFileType = sourcecode.swift; path = SceneDelegate.swift; sourceTree = "<group>"; };
		1680BE3E2CD24EDC002FAB71 /* ViewController.swift */ = {isa = PBXFileReference; lastKnownFileType = sourcecode.swift; path = ViewController.swift; sourceTree = "<group>"; };
		1680BE412CD24EDC002FAB71 /* Base */ = {isa = PBXFileReference; lastKnownFileType = file.storyboard; name = Base; path = Base.lproj/Main.storyboard; sourceTree = "<group>"; };
		1680BE432CD24EDD002FAB71 /* Assets.xcassets */ = {isa = PBXFileReference; lastKnownFileType = folder.assetcatalog; path = Assets.xcassets; sourceTree = "<group>"; };
		1680BE462CD24EDD002FAB71 /* Base */ = {isa = PBXFileReference; lastKnownFileType = file.storyboard; name = Base; path = Base.lproj/LaunchScreen.storyboard; sourceTree = "<group>"; };
		1680BE482CD24EDD002FAB71 /* Info.plist */ = {isa = PBXFileReference; lastKnownFileType = text.plist.xml; path = Info.plist; sourceTree = "<group>"; };
/* End PBXFileReference section */

/* Begin PBXFrameworksBuildPhase section */
		1680BE342CD24EDC002FAB71 /* Frameworks */ = {
			isa = PBXFrameworksBuildPhase;
			buildActionMask = 2147483647;
			files = (
				1680BE6C2CD25E87002FAB71 /* AlonSourcesSDK in Frameworks */,
				1680BE6A2CD25E87002FAB71 /* AlonSDK in Frameworks */,
			);
			runOnlyForDeploymentPostprocessing = 0;
		};
/* End PBXFrameworksBuildPhase section */

/* Begin PBXGroup section */
		1680BE2E2CD24EDC002FAB71 = {
			isa = PBXGroup;
			children = (
				1680BE392CD24EDC002FAB71 /* TestWeakSPM */,
				1680BE382CD24EDC002FAB71 /* Products */,
			);
			sourceTree = "<group>";
		};
		1680BE382CD24EDC002FAB71 /* Products */ = {
			isa = PBXGroup;
			children = (
				1680BE372CD24EDC002FAB71 /* TestWeakSPM.app */,
			);
			name = Products;
			sourceTree = "<group>";
		};
		1680BE392CD24EDC002FAB71 /* TestWeakSPM */ = {
			isa = PBXGroup;
			children = (
				1680BE3A2CD24EDC002FAB71 /* AppDelegate.swift */,
				1680BE3C2CD24EDC002FAB71 /* SceneDelegate.swift */,
				1680BE3E2CD24EDC002FAB71 /* ViewController.swift */,
				1680BE402CD24EDC002FAB71 /* Main.storyboard */,
				1680BE432CD24EDD002FAB71 /* Assets.xcassets */,
				1680BE452CD24EDD002FAB71 /* LaunchScreen.storyboard */,
				1680BE482CD24EDD002FAB71 /* Info.plist */,
			);
			path = TestWeakSPM;
			sourceTree = "<group>";
		};
/* End PBXGroup section */

/* Begin PBXNativeTarget section */
		1680BE362CD24EDC002FAB71 /* TestWeakSPM */ = {
			isa = PBXNativeTarget;
			buildConfigurationList = 1680BE4B2CD24EDD002FAB71 /* Build configuration list for PBXNativeTarget "TestWeakSPM" */;
			buildPhases = (
				1680BE332CD24EDC002FAB71 /* Sources */,
				1680BE342CD24EDC002FAB71 /* Frameworks */,
				1680BE352CD24EDC002FAB71 /* Resources */,
			);
			buildRules = (
			);
			dependencies = (
			);
			name = TestWeakSPM;
			packageProductDependencies = (
				1680BE692CD25E87002FAB71 /* AlonSDK */,
				1680BE6B2CD25E87002FAB71 /* AlonSourcesSDK */,
			);
			productName = TestWeakSPM;
			productReference = 1680BE372CD24EDC002FAB71 /* TestWeakSPM.app */;
			productType = "com.apple.product-type.application";
		};
/* End PBXNativeTarget section */

/* Begin PBXProject section */
		1680BE2F2CD24EDC002FAB71 /* Project object */ = {
			isa = PBXProject;
			attributes = {
				BuildIndependentTargetsInParallel = 1;
				LastSwiftUpdateCheck = 1540;
				LastUpgradeCheck = 1540;
				TargetAttributes = {
					1680BE362CD24EDC002FAB71 = {
						CreatedOnToolsVersion = 15.4;
					};
				};
			};
			buildConfigurationList = 1680BE322CD24EDC002FAB71 /* Build configuration list for PBXProject "TestWeakSPM" */;
			compatibilityVersion = "Xcode 14.0";
			developmentRegion = en;
			hasScannedForEncodings = 0;
			knownRegions = (
				en,
				Base,
			);
			mainGroup = 1680BE2E2CD24EDC002FAB71;
			packageReferences = (
				1680BE682CD25E87002FAB71 /* XCRemoteSwiftPackageReference "WeakLinkingPOC" */,
			);
			productRefGroup = 1680BE382CD24EDC002FAB71 /* Products */;
			projectDirPath = "";
			projectRoot = "";
			targets = (
				1680BE362CD24EDC002FAB71 /* TestWeakSPM */,
			);
		};
/* End PBXProject section */

/* Begin PBXResourcesBuildPhase section */
		1680BE352CD24EDC002FAB71 /* Resources */ = {
			isa = PBXResourcesBuildPhase;
			buildActionMask = 2147483647;
			files = (
				1680BE442CD24EDD002FAB71 /* Assets.xcassets in Resources */,
				1680BE472CD24EDD002FAB71 /* Base in Resources */,
				1680BE422CD24EDC002FAB71 /* Base in Resources */,
			);
			runOnlyForDeploymentPostprocessing = 0;
		};
/* End PBXResourcesBuildPhase section */

/* Begin PBXSourcesBuildPhase section */
		1680BE332CD24EDC002FAB71 /* Sources */ = {
			isa = PBXSourcesBuildPhase;
			buildActionMask = 2147483647;
			files = (
				1680BE3F2CD24EDC002FAB71 /* ViewController.swift in Sources */,
				1680BE3B2CD24EDC002FAB71 /* AppDelegate.swift in Sources */,
				1680BE3D2CD24EDC002FAB71 /* SceneDelegate.swift in Sources */,
			);
			runOnlyForDeploymentPostprocessing = 0;
		};
/* End PBXSourcesBuildPhase section */

/* Begin PBXVariantGroup section */
		1680BE402CD24EDC002FAB71 /* Main.storyboard */ = {
			isa = PBXVariantGroup;
			children = (
				1680BE412CD24EDC002FAB71 /* Base */,
			);
			name = Main.storyboard;
			sourceTree = "<group>";
		};
		1680BE452CD24EDD002FAB71 /* LaunchScreen.storyboard */ = {
			isa = PBXVariantGroup;
			children = (
				1680BE462CD24EDD002FAB71 /* Base */,
			);
			name = LaunchScreen.storyboard;
			sourceTree = "<group>";
		};
/* End PBXVariantGroup section */

/* Begin XCBuildConfiguration section */
		1680BE492CD24EDD002FAB71 /* Debug */ = {
			isa = XCBuildConfiguration;
			buildSettings = {
				ALWAYS_SEARCH_USER_PATHS = NO;
				ASSETCATALOG_COMPILER_GENERATE_SWIFT_ASSET_SYMBOL_EXTENSIONS = YES;
				CLANG_ANALYZER_NONNULL = YES;
				CLANG_ANALYZER_NUMBER_OBJECT_CONVERSION = YES_AGGRESSIVE;
				CLANG_CXX_LANGUAGE_STANDARD = "gnu++20";
				CLANG_ENABLE_MODULES = YES;
				CLANG_ENABLE_OBJC_ARC = YES;
				CLANG_ENABLE_OBJC_WEAK = YES;
				CLANG_WARN_BLOCK_CAPTURE_AUTORELEASING = YES;
				CLANG_WARN_BOOL_CONVERSION = YES;
				CLANG_WARN_COMMA = YES;
				CLANG_WARN_CONSTANT_CONVERSION = YES;
				CLANG_WARN_DEPRECATED_OBJC_IMPLEMENTATIONS = YES;
				CLANG_WARN_DIRECT_OBJC_ISA_USAGE = YES_ERROR;
				CLANG_WARN_DOCUMENTATION_COMMENTS = YES;
				CLANG_WARN_EMPTY_BODY = YES;
				CLANG_WARN_ENUM_CONVERSION = YES;
				CLANG_WARN_INFINITE_RECURSION = YES;
				CLANG_WARN_INT_CONVERSION = YES;
				CLANG_WARN_NON_LITERAL_NULL_CONVERSION = YES;
				CLANG_WARN_OBJC_IMPLICIT_RETAIN_SELF = YES;
				CLANG_WARN_OBJC_LITERAL_CONVERSION = YES;
				CLANG_WARN_OBJC_ROOT_CLASS = YES_ERROR;
				CLANG_WARN_QUOTED_INCLUDE_IN_FRAMEWORK_HEADER = YES;
				CLANG_WARN_RANGE_LOOP_ANALYSIS = YES;
				CLANG_WARN_STRICT_PROTOTYPES = YES;
				CLANG_WARN_SUSPICIOUS_MOVE = YES;
				CLANG_WARN_UNGUARDED_AVAILABILITY = YES_AGGRESSIVE;
				CLANG_WARN_UNREACHABLE_CODE = YES;
				CLANG_WARN__DUPLICATE_METHOD_MATCH = YES;
				COPY_PHASE_STRIP = NO;
				DEBUG_INFORMATION_FORMAT = dwarf;
				ENABLE_STRICT_OBJC_MSGSEND = YES;
				ENABLE_TESTABILITY = YES;
				ENABLE_USER_SCRIPT_SANDBOXING = YES;
				GCC_C_LANGUAGE_STANDARD = gnu17;
				GCC_DYNAMIC_NO_PIC = NO;
				GCC_NO_COMMON_BLOCKS = YES;
				GCC_OPTIMIZATION_LEVEL = 0;
				GCC_PREPROCESSOR_DEFINITIONS = (
					"DEBUG=1",
					"$(inherited)",
				);
				GCC_WARN_64_TO_32_BIT_CONVERSION = YES;
				GCC_WARN_ABOUT_RETURN_TYPE = YES_ERROR;
				GCC_WARN_UNDECLARED_SELECTOR = YES;
				GCC_WARN_UNINITIALIZED_AUTOS = YES_AGGRESSIVE;
				GCC_WARN_UNUSED_FUNCTION = YES;
				GCC_WARN_UNUSED_VARIABLE = YES;
				IPHONEOS_DEPLOYMENT_TARGET = 17.5;
				LOCALIZATION_PREFERS_STRING_CATALOGS = YES;
				MTL_ENABLE_DEBUG_INFO = INCLUDE_SOURCE;
				MTL_FAST_MATH = YES;
				ONLY_ACTIVE_ARCH = YES;
				SDKROOT = iphoneos;
				SWIFT_ACTIVE_COMPILATION_CONDITIONS = "DEBUG $(inherited)";
				SWIFT_OPTIMIZATION_LEVEL = "-Onone";
			};
			name = Debug;
		};
		1680BE4A2CD24EDD002FAB71 /* Release */ = {
			isa = XCBuildConfiguration;
			buildSettings = {
				ALWAYS_SEARCH_USER_PATHS = NO;
				ASSETCATALOG_COMPILER_GENERATE_SWIFT_ASSET_SYMBOL_EXTENSIONS = YES;
				CLANG_ANALYZER_NONNULL = YES;
				CLANG_ANALYZER_NUMBER_OBJECT_CONVERSION = YES_AGGRESSIVE;
				CLANG_CXX_LANGUAGE_STANDARD = "gnu++20";
				CLANG_ENABLE_MODULES = YES;
				CLANG_ENABLE_OBJC_ARC = YES;
				CLANG_ENABLE_OBJC_WEAK = YES;
				CLANG_WARN_BLOCK_CAPTURE_AUTORELEASING = YES;
				CLANG_WARN_BOOL_CONVERSION = YES;
				CLANG_WARN_COMMA = YES;
				CLANG_WARN_CONSTANT_CONVERSION = YES;
				CLANG_WARN_DEPRECATED_OBJC_IMPLEMENTATIONS = YES;
				CLANG_WARN_DIRECT_OBJC_ISA_USAGE = YES_ERROR;
				CLANG_WARN_DOCUMENTATION_COMMENTS = YES;
				CLANG_WARN_EMPTY_BODY = YES;
				CLANG_WARN_ENUM_CONVERSION = YES;
				CLANG_WARN_INFINITE_RECURSION = YES;
				CLANG_WARN_INT_CONVERSION = YES;
				CLANG_WARN_NON_LITERAL_NULL_CONVERSION = YES;
				CLANG_WARN_OBJC_IMPLICIT_RETAIN_SELF = YES;
				CLANG_WARN_OBJC_LITERAL_CONVERSION = YES;
				CLANG_WARN_OBJC_ROOT_CLASS = YES_ERROR;
				CLANG_WARN_QUOTED_INCLUDE_IN_FRAMEWORK_HEADER = YES;
				CLANG_WARN_RANGE_LOOP_ANALYSIS = YES;
				CLANG_WARN_STRICT_PROTOTYPES = YES;
				CLANG_WARN_SUSPICIOUS_MOVE = YES;
				CLANG_WARN_UNGUARDED_AVAILABILITY = YES_AGGRESSIVE;
				CLANG_WARN_UNREACHABLE_CODE = YES;
				CLANG_WARN__DUPLICATE_METHOD_MATCH = YES;
				COPY_PHASE_STRIP = NO;
				DEBUG_INFORMATION_FORMAT = "dwarf-with-dsym";
				ENABLE_NS_ASSERTIONS = NO;
				ENABLE_STRICT_OBJC_MSGSEND = YES;
				ENABLE_USER_SCRIPT_SANDBOXING = YES;
				GCC_C_LANGUAGE_STANDARD = gnu17;
				GCC_NO_COMMON_BLOCKS = YES;
				GCC_WARN_64_TO_32_BIT_CONVERSION = YES;
				GCC_WARN_ABOUT_RETURN_TYPE = YES_ERROR;
				GCC_WARN_UNDECLARED_SELECTOR = YES;
				GCC_WARN_UNINITIALIZED_AUTOS = YES_AGGRESSIVE;
				GCC_WARN_UNUSED_FUNCTION = YES;
				GCC_WARN_UNUSED_VARIABLE = YES;
				IPHONEOS_DEPLOYMENT_TARGET = 17.5;
				LOCALIZATION_PREFERS_STRING_CATALOGS = YES;
				MTL_ENABLE_DEBUG_INFO = NO;
				MTL_FAST_MATH = YES;
				SDKROOT = iphoneos;
				SWIFT_COMPILATION_MODE = wholemodule;
				VALIDATE_PRODUCT = YES;
			};
			name = Release;
		};
		1680BE4C2CD24EDD002FAB71 /* Debug */ = {
			isa = XCBuildConfiguration;
			buildSettings = {
				ASSETCATALOG_COMPILER_APPICON_NAME = AppIcon;
				ASSETCATALOG_COMPILER_GLOBAL_ACCENT_COLOR_NAME = AccentColor;
				CODE_SIGN_STYLE = Automatic;
				CURRENT_PROJECT_VERSION = 1;
				DEVELOPMENT_TEAM = Q2Q7GJNSSL;
				GENERATE_INFOPLIST_FILE = YES;
				INFOPLIST_FILE = TestWeakSPM/Info.plist;
				INFOPLIST_KEY_UIApplicationSupportsIndirectInputEvents = YES;
				INFOPLIST_KEY_UILaunchStoryboardName = LaunchScreen;
				INFOPLIST_KEY_UIMainStoryboardFile = Main;
				INFOPLIST_KEY_UISupportedInterfaceOrientations_iPad = "UIInterfaceOrientationPortrait UIInterfaceOrientationPortraitUpsideDown UIInterfaceOrientationLandscapeLeft UIInterfaceOrientationLandscapeRight";
				INFOPLIST_KEY_UISupportedInterfaceOrientations_iPhone = "UIInterfaceOrientationPortrait UIInterfaceOrientationLandscapeLeft UIInterfaceOrientationLandscapeRight";
				LD_RUNPATH_SEARCH_PATHS = (
					"$(inherited)",
					"@executable_path/Frameworks",
				);
				MARKETING_VERSION = 1.0;
				PRODUCT_BUNDLE_IDENTIFIER = com.openweb.TestWeakSPM;
				PRODUCT_NAME = "$(TARGET_NAME)";
				SWIFT_EMIT_LOC_STRINGS = YES;
				SWIFT_VERSION = 5.0;
				TARGETED_DEVICE_FAMILY = "1,2";
			};
			name = Debug;
		};
		1680BE4D2CD24EDD002FAB71 /* Release */ = {
			isa = XCBuildConfiguration;
			buildSettings = {
				ASSETCATALOG_COMPILER_APPICON_NAME = AppIcon;
				ASSETCATALOG_COMPILER_GLOBAL_ACCENT_COLOR_NAME = AccentColor;
				CODE_SIGN_STYLE = Automatic;
				CURRENT_PROJECT_VERSION = 1;
				DEVELOPMENT_TEAM = Q2Q7GJNSSL;
				GENERATE_INFOPLIST_FILE = YES;
				INFOPLIST_FILE = TestWeakSPM/Info.plist;
				INFOPLIST_KEY_UIApplicationSupportsIndirectInputEvents = YES;
				INFOPLIST_KEY_UILaunchStoryboardName = LaunchScreen;
				INFOPLIST_KEY_UIMainStoryboardFile = Main;
				INFOPLIST_KEY_UISupportedInterfaceOrientations_iPad = "UIInterfaceOrientationPortrait UIInterfaceOrientationPortraitUpsideDown UIInterfaceOrientationLandscapeLeft UIInterfaceOrientationLandscapeRight";
				INFOPLIST_KEY_UISupportedInterfaceOrientations_iPhone = "UIInterfaceOrientationPortrait UIInterfaceOrientationLandscapeLeft UIInterfaceOrientationLandscapeRight";
				LD_RUNPATH_SEARCH_PATHS = (
					"$(inherited)",
					"@executable_path/Frameworks",
				);
				MARKETING_VERSION = 1.0;
				PRODUCT_BUNDLE_IDENTIFIER = com.openweb.TestWeakSPM;
				PRODUCT_NAME = "$(TARGET_NAME)";
				SWIFT_EMIT_LOC_STRINGS = YES;
				SWIFT_VERSION = 5.0;
				TARGETED_DEVICE_FAMILY = "1,2";
			};
			name = Release;
		};
/* End XCBuildConfiguration section */

/* Begin XCConfigurationList section */
		1680BE322CD24EDC002FAB71 /* Build configuration list for PBXProject "TestWeakSPM" */ = {
			isa = XCConfigurationList;
			buildConfigurations = (
				1680BE492CD24EDD002FAB71 /* Debug */,
				1680BE4A2CD24EDD002FAB71 /* Release */,
			);
			defaultConfigurationIsVisible = 0;
			defaultConfigurationName = Release;
		};
		1680BE4B2CD24EDD002FAB71 /* Build configuration list for PBXNativeTarget "TestWeakSPM" */ = {
			isa = XCConfigurationList;
			buildConfigurations = (
				1680BE4C2CD24EDD002FAB71 /* Debug */,
				1680BE4D2CD24EDD002FAB71 /* Release */,
			);
			defaultConfigurationIsVisible = 0;
			defaultConfigurationName = Release;
		};
/* End XCConfigurationList section */

/* Begin XCRemoteSwiftPackageReference section */
		1680BE682CD25E87002FAB71 /* XCRemoteSwiftPackageReference "WeakLinkingPOC" */ = {
			isa = XCRemoteSwiftPackageReference;
			repositoryURL = "https://github.com/alonshp/WeakLinkingPOC";
			requirement = {
				branch = main;
				kind = branch;
			};
		};
/* End XCRemoteSwiftPackageReference section */

/* Begin XCSwiftPackageProductDependency section */
		1680BE692CD25E87002FAB71 /* AlonSDK */ = {
			isa = XCSwiftPackageProductDependency;
			package = 1680BE682CD25E87002FAB71 /* XCRemoteSwiftPackageReference "WeakLinkingPOC" */;
			productName = AlonSDK;
		};
		1680BE6B2CD25E87002FAB71 /* AlonSourcesSDK */ = {
			isa = XCSwiftPackageProductDependency;
			package = 1680BE682CD25E87002FAB71 /* XCRemoteSwiftPackageReference "WeakLinkingPOC" */;
			productName = AlonSourcesSDK;
		};
/* End XCSwiftPackageProductDependency section */
	};
	rootObject = 1680BE2F2CD24EDC002FAB71 /* Project object */;
}
