// !$*UTF8*$!
{
	archiveVersion = 1;
	classes = {
	};
	objectVersion = 56;
	objects = {

/* Begin PBXAggregateTarget section */
		16C75E2A2CA43EB700D02AF0 /* Archive */ = {
			isa = PBXAggregateTarget;
			buildConfigurationList = 16C75E2B2CA43EB700D02AF0 /* Build configuration list for PBXAggregateTarget "Archive" */;
			buildPhases = (
				16C75E2E2CA43EBB00D02AF0 /* ShellScript */,
			);
			dependencies = (
			);
			name = Archive;
			productName = Archive;
		};
/* End PBXAggregateTarget section */

/* Begin PBXBuildFile section */
		00B311380305AF3EA6F780D8 /* Pods_weakLinkingPOC.framework in Frameworks */ = {isa = PBXBuildFile; fileRef = EB71E45EBB5A18A519E7DAFD /* Pods_weakLinkingPOC.framework */; };
		16047EC82CB67A250086E606 /* AdParamsBridge.swift in Sources */ = {isa = PBXBuildFile; fileRef = 16047EC72CB67A250086E606 /* AdParamsBridge.swift */; };
		161933A52CAAE141005C517E /* SourcesSDK.h in Headers */ = {isa = PBXBuildFile; fileRef = 161933A42CAAE141005C517E /* SourcesSDK.h */; settings = {ATTRIBUTES = (Public, ); }; };
		161933AF2CAAE150005C517E /* SourcesClass.swift in Sources */ = {isa = PBXBuildFile; fileRef = 161933AE2CAAE150005C517E /* SourcesClass.swift */; };
		16C75DFE2CA4269A00D02AF0 /* AppDelegate.swift in Sources */ = {isa = PBXBuildFile; fileRef = 16C75DFD2CA4269A00D02AF0 /* AppDelegate.swift */; };
		16C75E002CA4269A00D02AF0 /* SceneDelegate.swift in Sources */ = {isa = PBXBuildFile; fileRef = 16C75DFF2CA4269A00D02AF0 /* SceneDelegate.swift */; };
		16C75E022CA4269A00D02AF0 /* ViewController.swift in Sources */ = {isa = PBXBuildFile; fileRef = 16C75E012CA4269A00D02AF0 /* ViewController.swift */; };
		16C75E052CA4269A00D02AF0 /* Base in Resources */ = {isa = PBXBuildFile; fileRef = 16C75E042CA4269A00D02AF0 /* Base */; };
		16C75E072CA4269B00D02AF0 /* Assets.xcassets in Resources */ = {isa = PBXBuildFile; fileRef = 16C75E062CA4269B00D02AF0 /* Assets.xcassets */; };
		16C75E0A2CA4269B00D02AF0 /* Base in Resources */ = {isa = PBXBuildFile; fileRef = 16C75E092CA4269B00D02AF0 /* Base */; };
		16C75E1A2CA426D500D02AF0 /* weakLinkingPOCSDK.h in Headers */ = {isa = PBXBuildFile; fileRef = 16C75E192CA426D500D02AF0 /* weakLinkingPOCSDK.h */; settings = {ATTRIBUTES = (Public, ); }; };
		16C75E272CA4270F00D02AF0 /* SDK.swift in Sources */ = {isa = PBXBuildFile; fileRef = 16C75E262CA4270F00D02AF0 /* SDK.swift */; };
		2B2011BC1E5C0C548966B043 /* Pods_AlonSourcesSDK.framework in Frameworks */ = {isa = PBXBuildFile; fileRef = 306335506EFBE882801A2782 /* Pods_AlonSourcesSDK.framework */; };
		A81C5533A215D897BAC69909 /* Pods_weakLinkingPOCSDK.framework in Frameworks */ = {isa = PBXBuildFile; fileRef = 1F68C70360DE1C5E45F29A36 /* Pods_weakLinkingPOCSDK.framework */; };
/* End PBXBuildFile section */

/* Begin PBXCopyFilesBuildPhase section */
		161933D52CB40411005C517E /* Embed Frameworks */ = {
			isa = PBXCopyFilesBuildPhase;
			buildActionMask = 2147483647;
			dstPath = "";
			dstSubfolderSpec = 10;
			files = (
			);
			name = "Embed Frameworks";
			runOnlyForDeploymentPostprocessing = 0;
		};
/* End PBXCopyFilesBuildPhase section */

/* Begin PBXFileReference section */
		16047EC72CB67A250086E606 /* AdParamsBridge.swift */ = {isa = PBXFileReference; lastKnownFileType = sourcecode.swift; path = AdParamsBridge.swift; sourceTree = "<group>"; };
		1619335F2CA4544B005C517E /* weakLinkingPOCSDK.xcframework */ = {isa = PBXFileReference; lastKnownFileType = wrapper.xcframework; name = weakLinkingPOCSDK.xcframework; path = Release/weakLinkingPOCSDK.xcframework; sourceTree = "<group>"; };
		1619339C2CAADF36005C517E /* WeakLinkingPOCSDK.podspec */ = {isa = PBXFileReference; lastKnownFileType = text; path = WeakLinkingPOCSDK.podspec; sourceTree = SOURCE_ROOT; xcLanguageSpecificationIdentifier = xcode.lang.ruby; };
		161933A22CAAE141005C517E /* AlonSourcesSDK.framework */ = {isa = PBXFileReference; explicitFileType = wrapper.framework; includeInIndex = 0; path = AlonSourcesSDK.framework; sourceTree = BUILT_PRODUCTS_DIR; };
		161933A42CAAE141005C517E /* SourcesSDK.h */ = {isa = PBXFileReference; lastKnownFileType = sourcecode.c.h; path = SourcesSDK.h; sourceTree = "<group>"; };
		161933AE2CAAE150005C517E /* SourcesClass.swift */ = {isa = PBXFileReference; lastKnownFileType = sourcecode.swift; path = SourcesClass.swift; sourceTree = "<group>"; };
		161933B12CAAE192005C517E /* AlonSourcesSDK.podspec */ = {isa = PBXFileReference; lastKnownFileType = text; path = AlonSourcesSDK.podspec; sourceTree = SOURCE_ROOT; };
		16C75DFA2CA4269A00D02AF0 /* weakLinkingPOC.app */ = {isa = PBXFileReference; explicitFileType = wrapper.application; includeInIndex = 0; path = weakLinkingPOC.app; sourceTree = BUILT_PRODUCTS_DIR; };
		16C75DFD2CA4269A00D02AF0 /* AppDelegate.swift */ = {isa = PBXFileReference; lastKnownFileType = sourcecode.swift; path = AppDelegate.swift; sourceTree = "<group>"; };
		16C75DFF2CA4269A00D02AF0 /* SceneDelegate.swift */ = {isa = PBXFileReference; lastKnownFileType = sourcecode.swift; path = SceneDelegate.swift; sourceTree = "<group>"; };
		16C75E012CA4269A00D02AF0 /* ViewController.swift */ = {isa = PBXFileReference; lastKnownFileType = sourcecode.swift; path = ViewController.swift; sourceTree = "<group>"; };
		16C75E042CA4269A00D02AF0 /* Base */ = {isa = PBXFileReference; lastKnownFileType = file.storyboard; name = Base; path = Base.lproj/Main.storyboard; sourceTree = "<group>"; };
		16C75E062CA4269B00D02AF0 /* Assets.xcassets */ = {isa = PBXFileReference; lastKnownFileType = folder.assetcatalog; path = Assets.xcassets; sourceTree = "<group>"; };
		16C75E092CA4269B00D02AF0 /* Base */ = {isa = PBXFileReference; lastKnownFileType = file.storyboard; name = Base; path = Base.lproj/LaunchScreen.storyboard; sourceTree = "<group>"; };
		16C75E0B2CA4269B00D02AF0 /* Info.plist */ = {isa = PBXFileReference; lastKnownFileType = text.plist.xml; path = Info.plist; sourceTree = "<group>"; };
		16C75E172CA426D500D02AF0 /* weakLinkingPOCSDK.framework */ = {isa = PBXFileReference; explicitFileType = wrapper.framework; includeInIndex = 0; path = weakLinkingPOCSDK.framework; sourceTree = BUILT_PRODUCTS_DIR; };
		16C75E192CA426D500D02AF0 /* weakLinkingPOCSDK.h */ = {isa = PBXFileReference; lastKnownFileType = sourcecode.c.h; path = weakLinkingPOCSDK.h; sourceTree = "<group>"; };
		16C75E262CA4270F00D02AF0 /* SDK.swift */ = {isa = PBXFileReference; lastKnownFileType = sourcecode.swift; path = SDK.swift; sourceTree = "<group>"; };
		1F68C70360DE1C5E45F29A36 /* Pods_weakLinkingPOCSDK.framework */ = {isa = PBXFileReference; explicitFileType = wrapper.framework; includeInIndex = 0; path = Pods_weakLinkingPOCSDK.framework; sourceTree = BUILT_PRODUCTS_DIR; };
		306335506EFBE882801A2782 /* Pods_AlonSourcesSDK.framework */ = {isa = PBXFileReference; explicitFileType = wrapper.framework; includeInIndex = 0; path = Pods_AlonSourcesSDK.framework; sourceTree = BUILT_PRODUCTS_DIR; };
		4C2CE74BAAE66DE7BD2C9D1E /* Pods-AlonSourcesSDK.debug.xcconfig */ = {isa = PBXFileReference; includeInIndex = 1; lastKnownFileType = text.xcconfig; name = "Pods-AlonSourcesSDK.debug.xcconfig"; path = "Target Support Files/Pods-AlonSourcesSDK/Pods-AlonSourcesSDK.debug.xcconfig"; sourceTree = "<group>"; };
		65B6A85C7B2F76F8028F355C /* Pods-weakLinkingPOCSDK.release.xcconfig */ = {isa = PBXFileReference; includeInIndex = 1; lastKnownFileType = text.xcconfig; name = "Pods-weakLinkingPOCSDK.release.xcconfig"; path = "Target Support Files/Pods-weakLinkingPOCSDK/Pods-weakLinkingPOCSDK.release.xcconfig"; sourceTree = "<group>"; };
		98C002649605500EB8611ABA /* Pods-weakLinkingPOC.release.xcconfig */ = {isa = PBXFileReference; includeInIndex = 1; lastKnownFileType = text.xcconfig; name = "Pods-weakLinkingPOC.release.xcconfig"; path = "Target Support Files/Pods-weakLinkingPOC/Pods-weakLinkingPOC.release.xcconfig"; sourceTree = "<group>"; };
		9B11EC7E772E0635F7387E16 /* Pods-AlonSourcesSDK.release.xcconfig */ = {isa = PBXFileReference; includeInIndex = 1; lastKnownFileType = text.xcconfig; name = "Pods-AlonSourcesSDK.release.xcconfig"; path = "Target Support Files/Pods-AlonSourcesSDK/Pods-AlonSourcesSDK.release.xcconfig"; sourceTree = "<group>"; };
		EB71E45EBB5A18A519E7DAFD /* Pods_weakLinkingPOC.framework */ = {isa = PBXFileReference; explicitFileType = wrapper.framework; includeInIndex = 0; path = Pods_weakLinkingPOC.framework; sourceTree = BUILT_PRODUCTS_DIR; };
		EEDC235EB0C6104DD34E59B2 /* Pods-weakLinkingPOCSDK.debug.xcconfig */ = {isa = PBXFileReference; includeInIndex = 1; lastKnownFileType = text.xcconfig; name = "Pods-weakLinkingPOCSDK.debug.xcconfig"; path = "Target Support Files/Pods-weakLinkingPOCSDK/Pods-weakLinkingPOCSDK.debug.xcconfig"; sourceTree = "<group>"; };
		F53B584E1D592A335AA432D7 /* Pods-weakLinkingPOC.debug.xcconfig */ = {isa = PBXFileReference; includeInIndex = 1; lastKnownFileType = text.xcconfig; name = "Pods-weakLinkingPOC.debug.xcconfig"; path = "Target Support Files/Pods-weakLinkingPOC/Pods-weakLinkingPOC.debug.xcconfig"; sourceTree = "<group>"; };
/* End PBXFileReference section */

/* Begin PBXFrameworksBuildPhase section */
		1619339F2CAAE141005C517E /* Frameworks */ = {
			isa = PBXFrameworksBuildPhase;
			buildActionMask = 2147483647;
			files = (
				2B2011BC1E5C0C548966B043 /* Pods_AlonSourcesSDK.framework in Frameworks */,
			);
			runOnlyForDeploymentPostprocessing = 0;
		};
		16C75DF72CA4269A00D02AF0 /* Frameworks */ = {
			isa = PBXFrameworksBuildPhase;
			buildActionMask = 2147483647;
			files = (
				00B311380305AF3EA6F780D8 /* Pods_weakLinkingPOC.framework in Frameworks */,
			);
			runOnlyForDeploymentPostprocessing = 0;
		};
		16C75E142CA426D500D02AF0 /* Frameworks */ = {
			isa = PBXFrameworksBuildPhase;
			buildActionMask = 2147483647;
			files = (
				A81C5533A215D897BAC69909 /* Pods_weakLinkingPOCSDK.framework in Frameworks */,
			);
			runOnlyForDeploymentPostprocessing = 0;
		};
/* End PBXFrameworksBuildPhase section */

/* Begin PBXGroup section */
		161933A32CAAE141005C517E /* AlonSourcesSDK */ = {
			isa = PBXGroup;
			children = (
				161933B12CAAE192005C517E /* AlonSourcesSDK.podspec */,
				161933A42CAAE141005C517E /* SourcesSDK.h */,
				161933AE2CAAE150005C517E /* SourcesClass.swift */,
				16047EC72CB67A250086E606 /* AdParamsBridge.swift */,
			);
			path = AlonSourcesSDK;
			sourceTree = "<group>";
		};
		16C75DF12CA4269A00D02AF0 = {
			isa = PBXGroup;
			children = (
				1619335F2CA4544B005C517E /* weakLinkingPOCSDK.xcframework */,
				16C75DFC2CA4269A00D02AF0 /* weakLinkingPOC */,
				16C75E182CA426D500D02AF0 /* weakLinkingPOCSDK */,
				161933A32CAAE141005C517E /* AlonSourcesSDK */,
				16C75DFB2CA4269A00D02AF0 /* Products */,
				DB2B9C579B10D88DDCFAF3F2 /* Pods */,
				7DD56D82DBEE6F2B54A776C9 /* Frameworks */,
			);
			sourceTree = "<group>";
		};
		16C75DFB2CA4269A00D02AF0 /* Products */ = {
			isa = PBXGroup;
			children = (
				16C75DFA2CA4269A00D02AF0 /* weakLinkingPOC.app */,
				16C75E172CA426D500D02AF0 /* weakLinkingPOCSDK.framework */,
				161933A22CAAE141005C517E /* AlonSourcesSDK.framework */,
			);
			name = Products;
			sourceTree = "<group>";
		};
		16C75DFC2CA4269A00D02AF0 /* weakLinkingPOC */ = {
			isa = PBXGroup;
			children = (
				16C75DFD2CA4269A00D02AF0 /* AppDelegate.swift */,
				16C75DFF2CA4269A00D02AF0 /* SceneDelegate.swift */,
				16C75E012CA4269A00D02AF0 /* ViewController.swift */,
				16C75E032CA4269A00D02AF0 /* Main.storyboard */,
				16C75E062CA4269B00D02AF0 /* Assets.xcassets */,
				16C75E082CA4269B00D02AF0 /* LaunchScreen.storyboard */,
				16C75E0B2CA4269B00D02AF0 /* Info.plist */,
			);
			path = weakLinkingPOC;
			sourceTree = "<group>";
		};
		16C75E182CA426D500D02AF0 /* weakLinkingPOCSDK */ = {
			isa = PBXGroup;
			children = (
				1619339C2CAADF36005C517E /* WeakLinkingPOCSDK.podspec */,
				16C75E192CA426D500D02AF0 /* weakLinkingPOCSDK.h */,
				16C75E262CA4270F00D02AF0 /* SDK.swift */,
			);
			path = weakLinkingPOCSDK;
			sourceTree = "<group>";
		};
		7DD56D82DBEE6F2B54A776C9 /* Frameworks */ = {
			isa = PBXGroup;
			children = (
				EB71E45EBB5A18A519E7DAFD /* Pods_weakLinkingPOC.framework */,
				1F68C70360DE1C5E45F29A36 /* Pods_weakLinkingPOCSDK.framework */,
				306335506EFBE882801A2782 /* Pods_AlonSourcesSDK.framework */,
			);
			name = Frameworks;
			sourceTree = "<group>";
		};
		DB2B9C579B10D88DDCFAF3F2 /* Pods */ = {
			isa = PBXGroup;
			children = (
				F53B584E1D592A335AA432D7 /* Pods-weakLinkingPOC.debug.xcconfig */,
				98C002649605500EB8611ABA /* Pods-weakLinkingPOC.release.xcconfig */,
				4C2CE74BAAE66DE7BD2C9D1E /* Pods-AlonSourcesSDK.debug.xcconfig */,
				9B11EC7E772E0635F7387E16 /* Pods-AlonSourcesSDK.release.xcconfig */,
				EEDC235EB0C6104DD34E59B2 /* Pods-weakLinkingPOCSDK.debug.xcconfig */,
				65B6A85C7B2F76F8028F355C /* Pods-weakLinkingPOCSDK.release.xcconfig */,
			);
			path = Pods;
			sourceTree = "<group>";
		};
/* End PBXGroup section */

/* Begin PBXHeadersBuildPhase section */
		1619339D2CAAE141005C517E /* Headers */ = {
			isa = PBXHeadersBuildPhase;
			buildActionMask = 2147483647;
			files = (
				161933A52CAAE141005C517E /* SourcesSDK.h in Headers */,
			);
			runOnlyForDeploymentPostprocessing = 0;
		};
		16C75E122CA426D500D02AF0 /* Headers */ = {
			isa = PBXHeadersBuildPhase;
			buildActionMask = 2147483647;
			files = (
				16C75E1A2CA426D500D02AF0 /* weakLinkingPOCSDK.h in Headers */,
			);
			runOnlyForDeploymentPostprocessing = 0;
		};
/* End PBXHeadersBuildPhase section */

/* Begin PBXNativeTarget section */
		161933A12CAAE141005C517E /* AlonSourcesSDK */ = {
			isa = PBXNativeTarget;
			buildConfigurationList = 161933AA2CAAE141005C517E /* Build configuration list for PBXNativeTarget "AlonSourcesSDK" */;
			buildPhases = (
				E817B3DD3EA3903FCF8F43BD /* [CP] Check Pods Manifest.lock */,
				1619339D2CAAE141005C517E /* Headers */,
				1619339E2CAAE141005C517E /* Sources */,
				1619339F2CAAE141005C517E /* Frameworks */,
				161933A02CAAE141005C517E /* Resources */,
				5684401EBD0737CF37C0EA0D /* [CP] Copy Pods Resources */,
			);
			buildRules = (
			);
			dependencies = (
			);
			name = AlonSourcesSDK;
			productName = SourcesSDK;
			productReference = 161933A22CAAE141005C517E /* AlonSourcesSDK.framework */;
			productType = "com.apple.product-type.framework";
		};
		16C75DF92CA4269A00D02AF0 /* weakLinkingPOC */ = {
			isa = PBXNativeTarget;
			buildConfigurationList = 16C75E0E2CA4269B00D02AF0 /* Build configuration list for PBXNativeTarget "weakLinkingPOC" */;
			buildPhases = (
				DDAC32A00EA3873522EAE8AC /* [CP] Check Pods Manifest.lock */,
				16C75DF62CA4269A00D02AF0 /* Sources */,
				16C75DF72CA4269A00D02AF0 /* Frameworks */,
				16C75DF82CA4269A00D02AF0 /* Resources */,
				161933D52CB40411005C517E /* Embed Frameworks */,
				BFDCAF9077184C40BE30A817 /* [CP] Embed Pods Frameworks */,
				1CA8FC4FFECF1315B34DB211 /* [CP] Copy Pods Resources */,
			);
			buildRules = (
			);
			dependencies = (
			);
			name = weakLinkingPOC;
			productName = weakLinkingPOC;
			productReference = 16C75DFA2CA4269A00D02AF0 /* weakLinkingPOC.app */;
			productType = "com.apple.product-type.application";
		};
		16C75E162CA426D500D02AF0 /* weakLinkingPOCSDK */ = {
			isa = PBXNativeTarget;
			buildConfigurationList = 16C75E1F2CA426D500D02AF0 /* Build configuration list for PBXNativeTarget "weakLinkingPOCSDK" */;
			buildPhases = (
				99E069CAE48AB6F60367F009 /* [CP] Check Pods Manifest.lock */,
				16C75E122CA426D500D02AF0 /* Headers */,
				16C75E132CA426D500D02AF0 /* Sources */,
				16C75E142CA426D500D02AF0 /* Frameworks */,
				16C75E152CA426D500D02AF0 /* Resources */,
			);
			buildRules = (
			);
			dependencies = (
			);
			name = weakLinkingPOCSDK;
			productName = weakLinkingPOCSDK;
			productReference = 16C75E172CA426D500D02AF0 /* weakLinkingPOCSDK.framework */;
			productType = "com.apple.product-type.framework";
		};
/* End PBXNativeTarget section */

/* Begin PBXProject section */
		16C75DF22CA4269A00D02AF0 /* Project object */ = {
			isa = PBXProject;
			attributes = {
				BuildIndependentTargetsInParallel = 1;
				LastSwiftUpdateCheck = 1540;
				LastUpgradeCheck = 1540;
				TargetAttributes = {
					161933A12CAAE141005C517E = {
						CreatedOnToolsVersion = 15.4;
						LastSwiftMigration = 1540;
					};
					16C75DF92CA4269A00D02AF0 = {
						CreatedOnToolsVersion = 15.4;
					};
					16C75E162CA426D500D02AF0 = {
						CreatedOnToolsVersion = 15.4;
						LastSwiftMigration = 1540;
					};
					16C75E2A2CA43EB700D02AF0 = {
						CreatedOnToolsVersion = 15.4;
					};
				};
			};
			buildConfigurationList = 16C75DF52CA4269A00D02AF0 /* Build configuration list for PBXProject "weakLinkingPOC" */;
			compatibilityVersion = "Xcode 14.0";
			developmentRegion = en;
			hasScannedForEncodings = 0;
			knownRegions = (
				en,
				Base,
			);
			mainGroup = 16C75DF12CA4269A00D02AF0;
			productRefGroup = 16C75DFB2CA4269A00D02AF0 /* Products */;
			projectDirPath = "";
			projectRoot = "";
			targets = (
				16C75DF92CA4269A00D02AF0 /* weakLinkingPOC */,
				16C75E162CA426D500D02AF0 /* weakLinkingPOCSDK */,
				16C75E2A2CA43EB700D02AF0 /* Archive */,
				161933A12CAAE141005C517E /* AlonSourcesSDK */,
			);
		};
/* End PBXProject section */

/* Begin PBXResourcesBuildPhase section */
		161933A02CAAE141005C517E /* Resources */ = {
			isa = PBXResourcesBuildPhase;
			buildActionMask = 2147483647;
			files = (
			);
			runOnlyForDeploymentPostprocessing = 0;
		};
		16C75DF82CA4269A00D02AF0 /* Resources */ = {
			isa = PBXResourcesBuildPhase;
			buildActionMask = 2147483647;
			files = (
				16C75E072CA4269B00D02AF0 /* Assets.xcassets in Resources */,
				16C75E0A2CA4269B00D02AF0 /* Base in Resources */,
				16C75E052CA4269A00D02AF0 /* Base in Resources */,
			);
			runOnlyForDeploymentPostprocessing = 0;
		};
		16C75E152CA426D500D02AF0 /* Resources */ = {
			isa = PBXResourcesBuildPhase;
			buildActionMask = 2147483647;
			files = (
			);
			runOnlyForDeploymentPostprocessing = 0;
		};
/* End PBXResourcesBuildPhase section */

/* Begin PBXShellScriptBuildPhase section */
		16C75E2E2CA43EBB00D02AF0 /* ShellScript */ = {
			isa = PBXShellScriptBuildPhase;
			buildActionMask = 2147483647;
			files = (
			);
			inputFileListPaths = (
			);
			inputPaths = (
			);
			outputFileListPaths = (
			);
			outputPaths = (
			);
			runOnlyForDeploymentPostprocessing = 0;
			shellPath = /bin/sh;
			shellScript = "# Type a script or drag a script file from your workspace to insert its path.\nbash -x ./scripts/create_xcframework_script.sh \"${CONFIGURATION}\"\n";
		};
		1CA8FC4FFECF1315B34DB211 /* [CP] Copy Pods Resources */ = {
			isa = PBXShellScriptBuildPhase;
			buildActionMask = 2147483647;
			files = (
			);
			inputFileListPaths = (
				"${PODS_ROOT}/Target Support Files/Pods-weakLinkingPOC/Pods-weakLinkingPOC-resources-${CONFIGURATION}-input-files.xcfilelist",
			);
			name = "[CP] Copy Pods Resources";
			outputFileListPaths = (
				"${PODS_ROOT}/Target Support Files/Pods-weakLinkingPOC/Pods-weakLinkingPOC-resources-${CONFIGURATION}-output-files.xcfilelist",
			);
			runOnlyForDeploymentPostprocessing = 0;
			shellPath = /bin/sh;
			shellScript = "\"${PODS_ROOT}/Target Support Files/Pods-weakLinkingPOC/Pods-weakLinkingPOC-resources.sh\"\n";
			showEnvVarsInLog = 0;
		};
		5684401EBD0737CF37C0EA0D /* [CP] Copy Pods Resources */ = {
			isa = PBXShellScriptBuildPhase;
			buildActionMask = 2147483647;
			files = (
			);
			inputFileListPaths = (
				"${PODS_ROOT}/Target Support Files/Pods-AlonSourcesSDK/Pods-AlonSourcesSDK-resources-${CONFIGURATION}-input-files.xcfilelist",
			);
			name = "[CP] Copy Pods Resources";
			outputFileListPaths = (
				"${PODS_ROOT}/Target Support Files/Pods-AlonSourcesSDK/Pods-AlonSourcesSDK-resources-${CONFIGURATION}-output-files.xcfilelist",
			);
			runOnlyForDeploymentPostprocessing = 0;
			shellPath = /bin/sh;
			shellScript = "\"${PODS_ROOT}/Target Support Files/Pods-AlonSourcesSDK/Pods-AlonSourcesSDK-resources.sh\"\n";
			showEnvVarsInLog = 0;
		};
		99E069CAE48AB6F60367F009 /* [CP] Check Pods Manifest.lock */ = {
			isa = PBXShellScriptBuildPhase;
			buildActionMask = 2147483647;
			files = (
			);
			inputFileListPaths = (
			);
			inputPaths = (
				"${PODS_PODFILE_DIR_PATH}/Podfile.lock",
				"${PODS_ROOT}/Manifest.lock",
			);
			name = "[CP] Check Pods Manifest.lock";
			outputFileListPaths = (
			);
			outputPaths = (
				"$(DERIVED_FILE_DIR)/Pods-weakLinkingPOCSDK-checkManifestLockResult.txt",
			);
			runOnlyForDeploymentPostprocessing = 0;
			shellPath = /bin/sh;
			shellScript = "diff \"${PODS_PODFILE_DIR_PATH}/Podfile.lock\" \"${PODS_ROOT}/Manifest.lock\" > /dev/null\nif [ $? != 0 ] ; then\n    # print error to STDERR\n    echo \"error: The sandbox is not in sync with the Podfile.lock. Run 'pod install' or update your CocoaPods installation.\" >&2\n    exit 1\nfi\n# This output is used by Xcode 'outputs' to avoid re-running this script phase.\necho \"SUCCESS\" > \"${SCRIPT_OUTPUT_FILE_0}\"\n";
			showEnvVarsInLog = 0;
		};
		BFDCAF9077184C40BE30A817 /* [CP] Embed Pods Frameworks */ = {
			isa = PBXShellScriptBuildPhase;
			buildActionMask = 2147483647;
			files = (
			);
			inputFileListPaths = (
				"${PODS_ROOT}/Target Support Files/Pods-weakLinkingPOC/Pods-weakLinkingPOC-frameworks-${CONFIGURATION}-input-files.xcfilelist",
			);
			name = "[CP] Embed Pods Frameworks";
			outputFileListPaths = (
				"${PODS_ROOT}/Target Support Files/Pods-weakLinkingPOC/Pods-weakLinkingPOC-frameworks-${CONFIGURATION}-output-files.xcfilelist",
			);
			runOnlyForDeploymentPostprocessing = 0;
			shellPath = /bin/sh;
			shellScript = "\"${PODS_ROOT}/Target Support Files/Pods-weakLinkingPOC/Pods-weakLinkingPOC-frameworks.sh\"\n";
			showEnvVarsInLog = 0;
		};
		DDAC32A00EA3873522EAE8AC /* [CP] Check Pods Manifest.lock */ = {
			isa = PBXShellScriptBuildPhase;
			buildActionMask = 2147483647;
			files = (
			);
			inputFileListPaths = (
			);
			inputPaths = (
				"${PODS_PODFILE_DIR_PATH}/Podfile.lock",
				"${PODS_ROOT}/Manifest.lock",
			);
			name = "[CP] Check Pods Manifest.lock";
			outputFileListPaths = (
			);
			outputPaths = (
				"$(DERIVED_FILE_DIR)/Pods-weakLinkingPOC-checkManifestLockResult.txt",
			);
			runOnlyForDeploymentPostprocessing = 0;
			shellPath = /bin/sh;
			shellScript = "diff \"${PODS_PODFILE_DIR_PATH}/Podfile.lock\" \"${PODS_ROOT}/Manifest.lock\" > /dev/null\nif [ $? != 0 ] ; then\n    # print error to STDERR\n    echo \"error: The sandbox is not in sync with the Podfile.lock. Run 'pod install' or update your CocoaPods installation.\" >&2\n    exit 1\nfi\n# This output is used by Xcode 'outputs' to avoid re-running this script phase.\necho \"SUCCESS\" > \"${SCRIPT_OUTPUT_FILE_0}\"\n";
			showEnvVarsInLog = 0;
		};
		E817B3DD3EA3903FCF8F43BD /* [CP] Check Pods Manifest.lock */ = {
			isa = PBXShellScriptBuildPhase;
			buildActionMask = 2147483647;
			files = (
			);
			inputFileListPaths = (
			);
			inputPaths = (
				"${PODS_PODFILE_DIR_PATH}/Podfile.lock",
				"${PODS_ROOT}/Manifest.lock",
			);
			name = "[CP] Check Pods Manifest.lock";
			outputFileListPaths = (
			);
			outputPaths = (
				"$(DERIVED_FILE_DIR)/Pods-AlonSourcesSDK-checkManifestLockResult.txt",
			);
			runOnlyForDeploymentPostprocessing = 0;
			shellPath = /bin/sh;
			shellScript = "diff \"${PODS_PODFILE_DIR_PATH}/Podfile.lock\" \"${PODS_ROOT}/Manifest.lock\" > /dev/null\nif [ $? != 0 ] ; then\n    # print error to STDERR\n    echo \"error: The sandbox is not in sync with the Podfile.lock. Run 'pod install' or update your CocoaPods installation.\" >&2\n    exit 1\nfi\n# This output is used by Xcode 'outputs' to avoid re-running this script phase.\necho \"SUCCESS\" > \"${SCRIPT_OUTPUT_FILE_0}\"\n";
			showEnvVarsInLog = 0;
		};
/* End PBXShellScriptBuildPhase section */

/* Begin PBXSourcesBuildPhase section */
		1619339E2CAAE141005C517E /* Sources */ = {
			isa = PBXSourcesBuildPhase;
			buildActionMask = 2147483647;
			files = (
				161933AF2CAAE150005C517E /* SourcesClass.swift in Sources */,
				16047EC82CB67A250086E606 /* AdParamsBridge.swift in Sources */,
			);
			runOnlyForDeploymentPostprocessing = 0;
		};
		16C75DF62CA4269A00D02AF0 /* Sources */ = {
			isa = PBXSourcesBuildPhase;
			buildActionMask = 2147483647;
			files = (
				16C75E022CA4269A00D02AF0 /* ViewController.swift in Sources */,
				16C75DFE2CA4269A00D02AF0 /* AppDelegate.swift in Sources */,
				16C75E002CA4269A00D02AF0 /* SceneDelegate.swift in Sources */,
			);
			runOnlyForDeploymentPostprocessing = 0;
		};
		16C75E132CA426D500D02AF0 /* Sources */ = {
			isa = PBXSourcesBuildPhase;
			buildActionMask = 2147483647;
			files = (
				16C75E272CA4270F00D02AF0 /* SDK.swift in Sources */,
			);
			runOnlyForDeploymentPostprocessing = 0;
		};
/* End PBXSourcesBuildPhase section */

/* Begin PBXVariantGroup section */
		16C75E032CA4269A00D02AF0 /* Main.storyboard */ = {
			isa = PBXVariantGroup;
			children = (
				16C75E042CA4269A00D02AF0 /* Base */,
			);
			name = Main.storyboard;
			sourceTree = "<group>";
		};
		16C75E082CA4269B00D02AF0 /* LaunchScreen.storyboard */ = {
			isa = PBXVariantGroup;
			children = (
				16C75E092CA4269B00D02AF0 /* Base */,
			);
			name = LaunchScreen.storyboard;
			sourceTree = "<group>";
		};
/* End PBXVariantGroup section */

/* Begin XCBuildConfiguration section */
		161933AB2CAAE141005C517E /* Debug */ = {
			isa = XCBuildConfiguration;
			baseConfigurationReference = 4C2CE74BAAE66DE7BD2C9D1E /* Pods-AlonSourcesSDK.debug.xcconfig */;
			buildSettings = {
				BUILD_LIBRARY_FOR_DISTRIBUTION = YES;
				CLANG_ENABLE_MODULES = YES;
				CODE_SIGN_STYLE = Automatic;
				CURRENT_PROJECT_VERSION = 1;
				DEBUG_INFORMATION_FORMAT = dwarf;
				DEFINES_MODULE = YES;
				DEVELOPMENT_TEAM = Q2Q7GJNSSL;
				DYLIB_COMPATIBILITY_VERSION = 1;
				DYLIB_CURRENT_VERSION = 1;
				DYLIB_INSTALL_NAME_BASE = "@rpath";
				ENABLE_MODULE_VERIFIER = YES;
				ENABLE_USER_SCRIPT_SANDBOXING = NO;
				GENERATE_INFOPLIST_FILE = YES;
				INFOPLIST_KEY_NSHumanReadableCopyright = "";
				INSTALL_PATH = "$(LOCAL_LIBRARY_DIR)/Frameworks";
				LD_RUNPATH_SEARCH_PATHS = (
					"$(inherited)",
					"@executable_path/Frameworks",
					"@loader_path/Frameworks",
				);
				MARKETING_VERSION = 1.0;
				MODULE_VERIFIER_SUPPORTED_LANGUAGES = "objective-c objective-c++";
				MODULE_VERIFIER_SUPPORTED_LANGUAGE_STANDARDS = "gnu17 gnu++20";
				PRODUCT_BUNDLE_IDENTIFIER = com.openweb.SourcesSDK;
				PRODUCT_NAME = "$(TARGET_NAME:c99extidentifier)";
				SKIP_INSTALL = YES;
				SUPPORTED_PLATFORMS = "iphoneos iphonesimulator";
				SUPPORTS_MACCATALYST = NO;
				SUPPORTS_MAC_DESIGNED_FOR_IPHONE_IPAD = NO;
				SUPPORTS_XR_DESIGNED_FOR_IPHONE_IPAD = NO;
				SWIFT_EMIT_LOC_STRINGS = YES;
				SWIFT_INSTALL_OBJC_HEADER = NO;
				SWIFT_OPTIMIZATION_LEVEL = "-Onone";
				SWIFT_VERSION = 5.0;
				TARGETED_DEVICE_FAMILY = "1,2";
				VERSIONING_SYSTEM = "apple-generic";
				VERSION_INFO_PREFIX = "";
			};
			name = Debug;
		};
		161933AC2CAAE141005C517E /* Release */ = {
			isa = XCBuildConfiguration;
			baseConfigurationReference = 9B11EC7E772E0635F7387E16 /* Pods-AlonSourcesSDK.release.xcconfig */;
			buildSettings = {
				BUILD_LIBRARY_FOR_DISTRIBUTION = YES;
				CLANG_ENABLE_MODULES = YES;
				CODE_SIGN_STYLE = Automatic;
				CURRENT_PROJECT_VERSION = 1;
				DEFINES_MODULE = YES;
				DEVELOPMENT_TEAM = Q2Q7GJNSSL;
				DYLIB_COMPATIBILITY_VERSION = 1;
				DYLIB_CURRENT_VERSION = 1;
				DYLIB_INSTALL_NAME_BASE = "@rpath";
				ENABLE_MODULE_VERIFIER = YES;
				ENABLE_USER_SCRIPT_SANDBOXING = NO;
				GENERATE_INFOPLIST_FILE = YES;
				INFOPLIST_KEY_NSHumanReadableCopyright = "";
				INSTALL_PATH = "$(LOCAL_LIBRARY_DIR)/Frameworks";
				LD_RUNPATH_SEARCH_PATHS = (
					"$(inherited)",
					"@executable_path/Frameworks",
					"@loader_path/Frameworks",
				);
				MARKETING_VERSION = 1.0;
				MODULE_VERIFIER_SUPPORTED_LANGUAGES = "objective-c objective-c++";
				MODULE_VERIFIER_SUPPORTED_LANGUAGE_STANDARDS = "gnu17 gnu++20";
				PRODUCT_BUNDLE_IDENTIFIER = com.openweb.SourcesSDK;
				PRODUCT_NAME = "$(TARGET_NAME:c99extidentifier)";
				SKIP_INSTALL = YES;
				SUPPORTED_PLATFORMS = "iphoneos iphonesimulator";
				SUPPORTS_MACCATALYST = NO;
				SUPPORTS_MAC_DESIGNED_FOR_IPHONE_IPAD = NO;
				SUPPORTS_XR_DESIGNED_FOR_IPHONE_IPAD = NO;
				SWIFT_EMIT_LOC_STRINGS = YES;
				SWIFT_INSTALL_OBJC_HEADER = NO;
				SWIFT_VERSION = 5.0;
				TARGETED_DEVICE_FAMILY = "1,2";
				VERSIONING_SYSTEM = "apple-generic";
				VERSION_INFO_PREFIX = "";
			};
			name = Release;
		};
		16C75E0C2CA4269B00D02AF0 /* Debug */ = {
			isa = XCBuildConfiguration;
			buildSettings = {
				ALWAYS_SEARCH_USER_PATHS = NO;
				ASSETCATALOG_COMPILER_GENERATE_SWIFT_ASSET_SYMBOL_EXTENSIONS = YES;
				CLANG_ANALYZER_NONNULL = YES;
				CLANG_ANALYZER_NUMBER_OBJECT_CONVERSION = YES_AGGRESSIVE;
				CLANG_CXX_LANGUAGE_STANDARD = "gnu++20";
				CLANG_ENABLE_MODULES = YES;
				CLANG_ENABLE_OBJC_ARC = YES;
				CLANG_ENABLE_OBJC_WEAK = YES;
				CLANG_WARN_BLOCK_CAPTURE_AUTORELEASING = YES;
				CLANG_WARN_BOOL_CONVERSION = YES;
				CLANG_WARN_COMMA = YES;
				CLANG_WARN_CONSTANT_CONVERSION = YES;
				CLANG_WARN_DEPRECATED_OBJC_IMPLEMENTATIONS = YES;
				CLANG_WARN_DIRECT_OBJC_ISA_USAGE = YES_ERROR;
				CLANG_WARN_DOCUMENTATION_COMMENTS = YES;
				CLANG_WARN_EMPTY_BODY = YES;
				CLANG_WARN_ENUM_CONVERSION = YES;
				CLANG_WARN_INFINITE_RECURSION = YES;
				CLANG_WARN_INT_CONVERSION = YES;
				CLANG_WARN_NON_LITERAL_NULL_CONVERSION = YES;
				CLANG_WARN_OBJC_IMPLICIT_RETAIN_SELF = YES;
				CLANG_WARN_OBJC_LITERAL_CONVERSION = YES;
				CLANG_WARN_OBJC_ROOT_CLASS = YES_ERROR;
				CLANG_WARN_QUOTED_INCLUDE_IN_FRAMEWORK_HEADER = YES;
				CLANG_WARN_RANGE_LOOP_ANALYSIS = YES;
				CLANG_WARN_STRICT_PROTOTYPES = YES;
				CLANG_WARN_SUSPICIOUS_MOVE = YES;
				CLANG_WARN_UNGUARDED_AVAILABILITY = YES_AGGRESSIVE;
				CLANG_WARN_UNREACHABLE_CODE = YES;
				CLANG_WARN__DUPLICATE_METHOD_MATCH = YES;
				COPY_PHASE_STRIP = NO;
				DEBUG_INFORMATION_FORMAT = "dwarf-with-dsym";
				ENABLE_STRICT_OBJC_MSGSEND = YES;
				ENABLE_TESTABILITY = YES;
				ENABLE_USER_SCRIPT_SANDBOXING = NO;
				GCC_C_LANGUAGE_STANDARD = gnu17;
				GCC_DYNAMIC_NO_PIC = NO;
				GCC_NO_COMMON_BLOCKS = YES;
				GCC_OPTIMIZATION_LEVEL = 0;
				GCC_PREPROCESSOR_DEFINITIONS = (
					"DEBUG=1",
					"$(inherited)",
				);
				GCC_WARN_64_TO_32_BIT_CONVERSION = YES;
				GCC_WARN_ABOUT_RETURN_TYPE = YES_ERROR;
				GCC_WARN_UNDECLARED_SELECTOR = YES;
				GCC_WARN_UNINITIALIZED_AUTOS = YES_AGGRESSIVE;
				GCC_WARN_UNUSED_FUNCTION = YES;
				GCC_WARN_UNUSED_VARIABLE = YES;
				IPHONEOS_DEPLOYMENT_TARGET = 17.5;
				LOCALIZATION_PREFERS_STRING_CATALOGS = YES;
				MTL_ENABLE_DEBUG_INFO = INCLUDE_SOURCE;
				MTL_FAST_MATH = YES;
				ONLY_ACTIVE_ARCH = YES;
				SDKROOT = iphoneos;
				SWIFT_ACTIVE_COMPILATION_CONDITIONS = "DEBUG $(inherited)";
				SWIFT_OPTIMIZATION_LEVEL = "-Onone";
			};
			name = Debug;
		};
		16C75E0D2CA4269B00D02AF0 /* Release */ = {
			isa = XCBuildConfiguration;
			buildSettings = {
				ALWAYS_SEARCH_USER_PATHS = NO;
				ASSETCATALOG_COMPILER_GENERATE_SWIFT_ASSET_SYMBOL_EXTENSIONS = YES;
				CLANG_ANALYZER_NONNULL = YES;
				CLANG_ANALYZER_NUMBER_OBJECT_CONVERSION = YES_AGGRESSIVE;
				CLANG_CXX_LANGUAGE_STANDARD = "gnu++20";
				CLANG_ENABLE_MODULES = YES;
				CLANG_ENABLE_OBJC_ARC = YES;
				CLANG_ENABLE_OBJC_WEAK = YES;
				CLANG_WARN_BLOCK_CAPTURE_AUTORELEASING = YES;
				CLANG_WARN_BOOL_CONVERSION = YES;
				CLANG_WARN_COMMA = YES;
				CLANG_WARN_CONSTANT_CONVERSION = YES;
				CLANG_WARN_DEPRECATED_OBJC_IMPLEMENTATIONS = YES;
				CLANG_WARN_DIRECT_OBJC_ISA_USAGE = YES_ERROR;
				CLANG_WARN_DOCUMENTATION_COMMENTS = YES;
				CLANG_WARN_EMPTY_BODY = YES;
				CLANG_WARN_ENUM_CONVERSION = YES;
				CLANG_WARN_INFINITE_RECURSION = YES;
				CLANG_WARN_INT_CONVERSION = YES;
				CLANG_WARN_NON_LITERAL_NULL_CONVERSION = YES;
				CLANG_WARN_OBJC_IMPLICIT_RETAIN_SELF = YES;
				CLANG_WARN_OBJC_LITERAL_CONVERSION = YES;
				CLANG_WARN_OBJC_ROOT_CLASS = YES_ERROR;
				CLANG_WARN_QUOTED_INCLUDE_IN_FRAMEWORK_HEADER = YES;
				CLANG_WARN_RANGE_LOOP_ANALYSIS = YES;
				CLANG_WARN_STRICT_PROTOTYPES = YES;
				CLANG_WARN_SUSPICIOUS_MOVE = YES;
				CLANG_WARN_UNGUARDED_AVAILABILITY = YES_AGGRESSIVE;
				CLANG_WARN_UNREACHABLE_CODE = YES;
				CLANG_WARN__DUPLICATE_METHOD_MATCH = YES;
				COPY_PHASE_STRIP = NO;
				DEBUG_INFORMATION_FORMAT = "dwarf-with-dsym";
				ENABLE_NS_ASSERTIONS = NO;
				ENABLE_STRICT_OBJC_MSGSEND = YES;
				ENABLE_USER_SCRIPT_SANDBOXING = NO;
				GCC_C_LANGUAGE_STANDARD = gnu17;
				GCC_NO_COMMON_BLOCKS = YES;
				GCC_WARN_64_TO_32_BIT_CONVERSION = YES;
				GCC_WARN_ABOUT_RETURN_TYPE = YES_ERROR;
				GCC_WARN_UNDECLARED_SELECTOR = YES;
				GCC_WARN_UNINITIALIZED_AUTOS = YES_AGGRESSIVE;
				GCC_WARN_UNUSED_FUNCTION = YES;
				GCC_WARN_UNUSED_VARIABLE = YES;
				IPHONEOS_DEPLOYMENT_TARGET = 17.5;
				LOCALIZATION_PREFERS_STRING_CATALOGS = YES;
				MTL_ENABLE_DEBUG_INFO = NO;
				MTL_FAST_MATH = YES;
				SDKROOT = iphoneos;
				SWIFT_COMPILATION_MODE = wholemodule;
				VALIDATE_PRODUCT = YES;
			};
			name = Release;
		};
		16C75E0F2CA4269B00D02AF0 /* Debug */ = {
			isa = XCBuildConfiguration;
			baseConfigurationReference = F53B584E1D592A335AA432D7 /* Pods-weakLinkingPOC.debug.xcconfig */;
			buildSettings = {
				ASSETCATALOG_COMPILER_APPICON_NAME = AppIcon;
				ASSETCATALOG_COMPILER_GLOBAL_ACCENT_COLOR_NAME = AccentColor;
				CODE_SIGN_STYLE = Automatic;
				CURRENT_PROJECT_VERSION = 1;
				DEVELOPMENT_TEAM = Q2Q7GJNSSL;
				ENABLE_USER_SCRIPT_SANDBOXING = NO;
				GENERATE_INFOPLIST_FILE = YES;
				INFOPLIST_FILE = weakLinkingPOC/Info.plist;
				INFOPLIST_KEY_UIApplicationSupportsIndirectInputEvents = YES;
				INFOPLIST_KEY_UILaunchStoryboardName = LaunchScreen;
				INFOPLIST_KEY_UIMainStoryboardFile = Main;
				INFOPLIST_KEY_UISupportedInterfaceOrientations_iPad = "UIInterfaceOrientationPortrait UIInterfaceOrientationPortraitUpsideDown UIInterfaceOrientationLandscapeLeft UIInterfaceOrientationLandscapeRight";
				INFOPLIST_KEY_UISupportedInterfaceOrientations_iPhone = "UIInterfaceOrientationPortrait UIInterfaceOrientationLandscapeLeft UIInterfaceOrientationLandscapeRight";
				LD_RUNPATH_SEARCH_PATHS = (
					"$(inherited)",
					"@executable_path/Frameworks",
				);
				MARKETING_VERSION = 1.0;
				PRODUCT_BUNDLE_IDENTIFIER = com.openweb.weakLinkingPOC;
				PRODUCT_NAME = "$(TARGET_NAME)";
				SUPPORTED_PLATFORMS = "iphoneos iphonesimulator";
				SUPPORTS_MACCATALYST = NO;
				SUPPORTS_MAC_DESIGNED_FOR_IPHONE_IPAD = NO;
				SUPPORTS_XR_DESIGNED_FOR_IPHONE_IPAD = NO;
				SWIFT_EMIT_LOC_STRINGS = YES;
				SWIFT_VERSION = 5.0;
				TARGETED_DEVICE_FAMILY = "1,2";
			};
			name = Debug;
		};
		16C75E102CA4269B00D02AF0 /* Release */ = {
			isa = XCBuildConfiguration;
			baseConfigurationReference = 98C002649605500EB8611ABA /* Pods-weakLinkingPOC.release.xcconfig */;
			buildSettings = {
				ASSETCATALOG_COMPILER_APPICON_NAME = AppIcon;
				ASSETCATALOG_COMPILER_GLOBAL_ACCENT_COLOR_NAME = AccentColor;
				CODE_SIGN_STYLE = Automatic;
				CURRENT_PROJECT_VERSION = 1;
				DEVELOPMENT_TEAM = Q2Q7GJNSSL;
				ENABLE_USER_SCRIPT_SANDBOXING = NO;
				GENERATE_INFOPLIST_FILE = YES;
				INFOPLIST_FILE = weakLinkingPOC/Info.plist;
				INFOPLIST_KEY_UIApplicationSupportsIndirectInputEvents = YES;
				INFOPLIST_KEY_UILaunchStoryboardName = LaunchScreen;
				INFOPLIST_KEY_UIMainStoryboardFile = Main;
				INFOPLIST_KEY_UISupportedInterfaceOrientations_iPad = "UIInterfaceOrientationPortrait UIInterfaceOrientationPortraitUpsideDown UIInterfaceOrientationLandscapeLeft UIInterfaceOrientationLandscapeRight";
				INFOPLIST_KEY_UISupportedInterfaceOrientations_iPhone = "UIInterfaceOrientationPortrait UIInterfaceOrientationLandscapeLeft UIInterfaceOrientationLandscapeRight";
				LD_RUNPATH_SEARCH_PATHS = (
					"$(inherited)",
					"@executable_path/Frameworks",
				);
				MARKETING_VERSION = 1.0;
				PRODUCT_BUNDLE_IDENTIFIER = com.openweb.weakLinkingPOC;
				PRODUCT_NAME = "$(TARGET_NAME)";
				SUPPORTED_PLATFORMS = "iphoneos iphonesimulator";
				SUPPORTS_MACCATALYST = NO;
				SUPPORTS_MAC_DESIGNED_FOR_IPHONE_IPAD = NO;
				SUPPORTS_XR_DESIGNED_FOR_IPHONE_IPAD = NO;
				SWIFT_EMIT_LOC_STRINGS = YES;
				SWIFT_VERSION = 5.0;
				TARGETED_DEVICE_FAMILY = "1,2";
			};
			name = Release;
		};
		16C75E202CA426D500D02AF0 /* Debug */ = {
			isa = XCBuildConfiguration;
			baseConfigurationReference = EEDC235EB0C6104DD34E59B2 /* Pods-weakLinkingPOCSDK.debug.xcconfig */;
			buildSettings = {
				BUILD_LIBRARY_FOR_DISTRIBUTION = YES;
				CLANG_ENABLE_MODULES = YES;
				CODE_SIGN_STYLE = Automatic;
				CURRENT_PROJECT_VERSION = 1;
				DEFINES_MODULE = YES;
				DEVELOPMENT_TEAM = Q2Q7GJNSSL;
				DYLIB_COMPATIBILITY_VERSION = 1;
				DYLIB_CURRENT_VERSION = 1;
				DYLIB_INSTALL_NAME_BASE = "@rpath";
				ENABLE_MODULE_VERIFIER = YES;
				GENERATE_INFOPLIST_FILE = YES;
				INFOPLIST_KEY_NSHumanReadableCopyright = "";
				INSTALL_PATH = "$(LOCAL_LIBRARY_DIR)/Frameworks";
				LD_RUNPATH_SEARCH_PATHS = (
					"$(inherited)",
					"@executable_path/Frameworks",
					"@loader_path/Frameworks",
				);
				MARKETING_VERSION = 1.0;
				MODULE_VERIFIER_SUPPORTED_LANGUAGES = "objective-c objective-c++";
				MODULE_VERIFIER_SUPPORTED_LANGUAGE_STANDARDS = "gnu17 gnu++20";
				PRODUCT_BUNDLE_IDENTIFIER = com.openweb.weakLinkingPOCSDK;
				PRODUCT_NAME = "$(TARGET_NAME:c99extidentifier)";
				SKIP_INSTALL = YES;
				SUPPORTED_PLATFORMS = "iphoneos iphonesimulator";
				SUPPORTS_MACCATALYST = NO;
				SUPPORTS_MAC_DESIGNED_FOR_IPHONE_IPAD = NO;
				SUPPORTS_XR_DESIGNED_FOR_IPHONE_IPAD = NO;
				SWIFT_EMIT_LOC_STRINGS = YES;
				SWIFT_INSTALL_OBJC_HEADER = NO;
				SWIFT_OPTIMIZATION_LEVEL = "-Onone";
				SWIFT_VERSION = 5.0;
				TARGETED_DEVICE_FAMILY = "1,2";
				VERSIONING_SYSTEM = "apple-generic";
				VERSION_INFO_PREFIX = "";
			};
			name = Debug;
		};
		16C75E212CA426D500D02AF0 /* Release */ = {
			isa = XCBuildConfiguration;
			baseConfigurationReference = 65B6A85C7B2F76F8028F355C /* Pods-weakLinkingPOCSDK.release.xcconfig */;
			buildSettings = {
				BUILD_LIBRARY_FOR_DISTRIBUTION = YES;
				CLANG_ENABLE_MODULES = YES;
				CODE_SIGN_STYLE = Automatic;
				CURRENT_PROJECT_VERSION = 1;
				DEFINES_MODULE = YES;
				DEVELOPMENT_TEAM = Q2Q7GJNSSL;
				DYLIB_COMPATIBILITY_VERSION = 1;
				DYLIB_CURRENT_VERSION = 1;
				DYLIB_INSTALL_NAME_BASE = "@rpath";
				ENABLE_MODULE_VERIFIER = YES;
				GENERATE_INFOPLIST_FILE = YES;
				INFOPLIST_KEY_NSHumanReadableCopyright = "";
				INSTALL_PATH = "$(LOCAL_LIBRARY_DIR)/Frameworks";
				LD_RUNPATH_SEARCH_PATHS = (
					"$(inherited)",
					"@executable_path/Frameworks",
					"@loader_path/Frameworks",
				);
				MARKETING_VERSION = 1.0;
				MODULE_VERIFIER_SUPPORTED_LANGUAGES = "objective-c objective-c++";
				MODULE_VERIFIER_SUPPORTED_LANGUAGE_STANDARDS = "gnu17 gnu++20";
				PRODUCT_BUNDLE_IDENTIFIER = com.openweb.weakLinkingPOCSDK;
				PRODUCT_NAME = "$(TARGET_NAME:c99extidentifier)";
				SKIP_INSTALL = YES;
				SUPPORTED_PLATFORMS = "iphoneos iphonesimulator";
				SUPPORTS_MACCATALYST = NO;
				SUPPORTS_MAC_DESIGNED_FOR_IPHONE_IPAD = NO;
				SUPPORTS_XR_DESIGNED_FOR_IPHONE_IPAD = NO;
				SWIFT_EMIT_LOC_STRINGS = YES;
				SWIFT_INSTALL_OBJC_HEADER = NO;
				SWIFT_VERSION = 5.0;
				TARGETED_DEVICE_FAMILY = "1,2";
				VERSIONING_SYSTEM = "apple-generic";
				VERSION_INFO_PREFIX = "";
			};
			name = Release;
		};
		16C75E2C2CA43EB700D02AF0 /* Debug */ = {
			isa = XCBuildConfiguration;
			buildSettings = {
				CODE_SIGN_STYLE = Automatic;
				DEVELOPMENT_TEAM = Q2Q7GJNSSL;
				PRODUCT_NAME = "$(TARGET_NAME)";
			};
			name = Debug;
		};
		16C75E2D2CA43EB700D02AF0 /* Release */ = {
			isa = XCBuildConfiguration;
			buildSettings = {
				CODE_SIGN_STYLE = Automatic;
				DEVELOPMENT_TEAM = Q2Q7GJNSSL;
				PRODUCT_NAME = "$(TARGET_NAME)";
			};
			name = Release;
		};
/* End XCBuildConfiguration section */

/* Begin XCConfigurationList section */
		161933AA2CAAE141005C517E /* Build configuration list for PBXNativeTarget "AlonSourcesSDK" */ = {
			isa = XCConfigurationList;
			buildConfigurations = (
				161933AB2CAAE141005C517E /* Debug */,
				161933AC2CAAE141005C517E /* Release */,
			);
			defaultConfigurationIsVisible = 0;
			defaultConfigurationName = Release;
		};
		16C75DF52CA4269A00D02AF0 /* Build configuration list for PBXProject "weakLinkingPOC" */ = {
			isa = XCConfigurationList;
			buildConfigurations = (
				16C75E0C2CA4269B00D02AF0 /* Debug */,
				16C75E0D2CA4269B00D02AF0 /* Release */,
			);
			defaultConfigurationIsVisible = 0;
			defaultConfigurationName = Release;
		};
		16C75E0E2CA4269B00D02AF0 /* Build configuration list for PBXNativeTarget "weakLinkingPOC" */ = {
			isa = XCConfigurationList;
			buildConfigurations = (
				16C75E0F2CA4269B00D02AF0 /* Debug */,
				16C75E102CA4269B00D02AF0 /* Release */,
			);
			defaultConfigurationIsVisible = 0;
			defaultConfigurationName = Release;
		};
		16C75E1F2CA426D500D02AF0 /* Build configuration list for PBXNativeTarget "weakLinkingPOCSDK" */ = {
			isa = XCConfigurationList;
			buildConfigurations = (
				16C75E202CA426D500D02AF0 /* Debug */,
				16C75E212CA426D500D02AF0 /* Release */,
			);
			defaultConfigurationIsVisible = 0;
			defaultConfigurationName = Release;
		};
		16C75E2B2CA43EB700D02AF0 /* Build configuration list for PBXAggregateTarget "Archive" */ = {
			isa = XCConfigurationList;
			buildConfigurations = (
				16C75E2C2CA43EB700D02AF0 /* Debug */,
				16C75E2D2CA43EB700D02AF0 /* Release */,
			);
			defaultConfigurationIsVisible = 0;
			defaultConfigurationName = Release;
		};
/* End XCConfigurationList section */
	};
	rootObject = 16C75DF22CA4269A00D02AF0 /* Project object */;
}
